
Microsoft Visual Studio Solution File, Format Version 12.00
Project("{FAE04EC0-301F-11D3-BF4B-00C04F79EFBC}") = "TinyVgCore", "TinyVgCore\TinyVgCore.csproj", "{5166017C-398E-4921-92DA-D1A12B3D9DA4}"
EndProject
Project("{FAE04EC0-301F-11D3-BF4B-00C04F79EFBC}") = "TinyVgTests", "TinyVgTests\TinyVgTests.csproj", "{F72E5F45-9474-4C43-B796-3526786F5360}"
EndProject
Project("{2150E333-8FDC-42A3-9474-1A3956D46DE8}") = "_Info", "_Info", "{35C79781-96FB-4DB2-A9A1-E92AD96C28DA}"
	ProjectSection(SolutionItems) = preProject
		..\..\.gitignore = ..\..\.gitignore
		..\..\LICENSE = ..\..\LICENSE
		..\..\README.md = ..\..\README.md
	EndProjectSection
EndProject
Global
	GlobalSection(SolutionConfigurationPlatforms) = preSolution
		Debug|Any CPU = Debug|Any CPU
		Release|Any CPU = Release|Any CPU
	EndGlobalSection
	GlobalSection(ProjectConfigurationPlatforms) = postSolution
		{5166017C-398E-4921-92DA-D1A12B3D9DA4}.Debug|Any CPU.ActiveCfg = Debug|Any CPU
		{5166017C-398E-4921-92DA-D1A12B3D9DA4}.Debug|Any CPU.Build.0 = Debug|Any CPU
		{5166017C-398E-4921-92DA-D1A12B3D9DA4}.Release|Any CPU.ActiveCfg = Release|Any CPU
		{5166017C-398E-4921-92DA-D1A12B3D9DA4}.Release|Any CPU.Build.0 = Release|Any CPU
		{F72E5F45-9474-4C43-B796-3526786F5360}.Debug|Any CPU.ActiveCfg = Debug|Any CPU
		{F72E5F45-9474-4C43-B796-3526786F5360}.Debug|Any CPU.Build.0 = Debug|Any CPU
		{F72E5F45-9474-4C43-B796-3526786F5360}.Release|Any CPU.ActiveCfg = Release|Any CPU
		{F72E5F45-9474-4C43-B796-3526786F5360}.Release|Any CPU.Build.0 = Release|Any CPU
	EndGlobalSection
EndGlobal
